
Microsoft Visual Studio Solution File, Format Version 12.00
# Visual Studio 2012
Project("{FAE04EC0-301F-11D3-BF4B-00C04F79EFBC}") = "Chess", "Chess\Chess.csproj", "{33CB469F-0301-4FBF-BA85-0636A3CF7603}"
EndProject
Global
	GlobalSection(SolutionConfigurationPlatforms) = preSolution
		Debug|x86 = Debug|x86
		Release|x86 = Release|x86
	EndGlobalSection
	GlobalSection(ProjectConfigurationPlatforms) = postSolution
		{33CB469F-0301-4FBF-BA85-0636A3CF7603}.Debug|x86.ActiveCfg = Debug|x86
		{33CB469F-0301-4FBF-BA85-0636A3CF7603}.Debug|x86.Build.0 = Debug|x86
		{33CB469F-0301-4FBF-BA85-0636A3CF7603}.Release|x86.ActiveCfg = Release|x86
		{33CB469F-0301-4FBF-BA85-0636A3CF7603}.Release|x86.Build.0 = Release|x86
	EndGlobalSection
EndGlobal
